
Microsoft Visual Studio Solution File, Format Version 12.00
# Visual Studio 15
VisualStudioVersion = 15.0.28010.2026
MinimumVisualStudioVersion = 10.0.40219.1
Project("{9A19103F-16F7-4668-BE54-9A1E7A4F7556}") = "SIS.Http", "SIS.Http\SIS.Http.csproj", "{4970D6B1-0E2C-4BDE-9F82-97C3B3920A1C}"
EndProject
Project("{9A19103F-16F7-4668-BE54-9A1E7A4F7556}") = "SIS.WebServer", "SIS.WebServer\SIS.WebServer.csproj", "{56A476A3-C948-4676-8EFA-1917540E98E0}"
EndProject
Project("{9A19103F-16F7-4668-BE54-9A1E7A4F7556}") = "SIS.Demo", "SIS.App\SIS.Demo.csproj", "{605A1F31-751B-4868-8DFC-D69B3B4B6A90}"
EndProject
Global
	GlobalSection(SolutionConfigurationPlatforms) = preSolution
		Debug|Any CPU = Debug|Any CPU
		Release|Any CPU = Release|Any CPU
	EndGlobalSection
	GlobalSection(ProjectConfigurationPlatforms) = postSolution
		{4970D6B1-0E2C-4BDE-9F82-97C3B3920A1C}.Debug|Any CPU.ActiveCfg = Debug|Any CPU
		{4970D6B1-0E2C-4BDE-9F82-97C3B3920A1C}.Debug|Any CPU.Build.0 = Debug|Any CPU
		{4970D6B1-0E2C-4BDE-9F82-97C3B3920A1C}.Release|Any CPU.ActiveCfg = Release|Any CPU
		{4970D6B1-0E2C-4BDE-9F82-97C3B3920A1C}.Release|Any CPU.Build.0 = Release|Any CPU
		{56A476A3-C948-4676-8EFA-1917540E98E0}.Debug|Any CPU.ActiveCfg = Debug|Any CPU
		{56A476A3-C948-4676-8EFA-1917540E98E0}.Debug|Any CPU.Build.0 = Debug|Any CPU
		{56A476A3-C948-4676-8EFA-1917540E98E0}.Release|Any CPU.ActiveCfg = Release|Any CPU
		{56A476A3-C948-4676-8EFA-1917540E98E0}.Release|Any CPU.Build.0 = Release|Any CPU
		{605A1F31-751B-4868-8DFC-D69B3B4B6A90}.Debug|Any CPU.ActiveCfg = Debug|Any CPU
		{605A1F31-751B-4868-8DFC-D69B3B4B6A90}.Debug|Any CPU.Build.0 = Debug|Any CPU
		{605A1F31-751B-4868-8DFC-D69B3B4B6A90}.Release|Any CPU.ActiveCfg = Release|Any CPU
		{605A1F31-751B-4868-8DFC-D69B3B4B6A90}.Release|Any CPU.Build.0 = Release|Any CPU
	EndGlobalSection
	GlobalSection(SolutionProperties) = preSolution
		HideSolutionNode = FALSE
	EndGlobalSection
	GlobalSection(ExtensibilityGlobals) = postSolution
		SolutionGuid = {EA50424C-7727-4B8E-B89A-6C5D6AA89B9E}
	EndGlobalSection
EndGlobal
